
Microsoft Visual Studio Solution File, Format Version 12.00
# Visual Studio Version 17
VisualStudioVersion = 17.13.35931.197
MinimumVisualStudioVersion = 10.0.40219.1
Project("{FAE04EC0-301F-11D3-BF4B-00C04F79EFBC}") = "WinFormForBank", "WinFormForBank.csproj", "{054CA4EA-4F3F-48F7-8CC9-9465361A5F16}"
EndProject
Project("{FAE04EC0-301F-11D3-BF4B-00C04F79EFBC}") = "BusinessLayer_OfBank", "..\BusinessLayer_OfBank\BusinessLayer_OfBank.csproj", "{FD84B3D9-5963-48D3-A78F-9937CA516A4E}"
EndProject
Project("{FAE04EC0-301F-11D3-BF4B-00C04F79EFBC}") = "DataAccessLayer_OfBank", "..\DataAccessLayer_OfBank\DataAccessLayer_OfBank.csproj", "{0ED8A6F7-4BA6-4BC7-B592-DA12A818055B}"
EndProject
Global
	GlobalSection(SolutionConfigurationPlatforms) = preSolution
		Debug|Any CPU = Debug|Any CPU
		Release|Any CPU = Release|Any CPU
	EndGlobalSection
	GlobalSection(ProjectConfigurationPlatforms) = postSolution
		{054CA4EA-4F3F-48F7-8CC9-9465361A5F16}.Debug|Any CPU.ActiveCfg = Debug|Any CPU
		{054CA4EA-4F3F-48F7-8CC9-9465361A5F16}.Debug|Any CPU.Build.0 = Debug|Any CPU
		{054CA4EA-4F3F-48F7-8CC9-9465361A5F16}.Release|Any CPU.ActiveCfg = Release|Any CPU
		{054CA4EA-4F3F-48F7-8CC9-9465361A5F16}.Release|Any CPU.Build.0 = Release|Any CPU
		{FD84B3D9-5963-48D3-A78F-9937CA516A4E}.Debug|Any CPU.ActiveCfg = Debug|Any CPU
		{FD84B3D9-5963-48D3-A78F-9937CA516A4E}.Debug|Any CPU.Build.0 = Debug|Any CPU
		{FD84B3D9-5963-48D3-A78F-9937CA516A4E}.Release|Any CPU.ActiveCfg = Release|Any CPU
		{FD84B3D9-5963-48D3-A78F-9937CA516A4E}.Release|Any CPU.Build.0 = Release|Any CPU
		{0ED8A6F7-4BA6-4BC7-B592-DA12A818055B}.Debug|Any CPU.ActiveCfg = Debug|Any CPU
		{0ED8A6F7-4BA6-4BC7-B592-DA12A818055B}.Debug|Any CPU.Build.0 = Debug|Any CPU
		{0ED8A6F7-4BA6-4BC7-B592-DA12A818055B}.Release|Any CPU.ActiveCfg = Release|Any CPU
		{0ED8A6F7-4BA6-4BC7-B592-DA12A818055B}.Release|Any CPU.Build.0 = Release|Any CPU
	EndGlobalSection
	GlobalSection(SolutionProperties) = preSolution
		HideSolutionNode = FALSE
	EndGlobalSection
	GlobalSection(ExtensibilityGlobals) = postSolution
		SolutionGuid = {C058FE59-1087-4050-BC20-D7D6625E0469}
	EndGlobalSection
EndGlobal
